
Microsoft Visual Studio Solution File, Format Version 12.00
# Visual Studio Version 17
VisualStudioVersion = 17.4.33205.214
MinimumVisualStudioVersion = 10.0.40219.1
Project("{FAE04EC0-301F-11D3-BF4B-00C04F79EFBC}") = "aplication", "aplication\aplication.csproj", "{CA48A77B-554F-42C9-A017-D041A6AFB369}"
EndProject
Global
	GlobalSection(SolutionConfigurationPlatforms) = preSolution
		Debug|Any CPU = Debug|Any CPU
		Release|Any CPU = Release|Any CPU
	EndGlobalSection
	GlobalSection(ProjectConfigurationPlatforms) = postSolution
		{CA48A77B-554F-42C9-A017-D041A6AFB369}.Debug|Any CPU.ActiveCfg = Debug|Any CPU
		{CA48A77B-554F-42C9-A017-D041A6AFB369}.Debug|Any CPU.Build.0 = Debug|Any CPU
		{CA48A77B-554F-42C9-A017-D041A6AFB369}.Release|Any CPU.ActiveCfg = Release|Any CPU
		{CA48A77B-554F-42C9-A017-D041A6AFB369}.Release|Any CPU.Build.0 = Release|Any CPU
	EndGlobalSection
	GlobalSection(SolutionProperties) = preSolution
		HideSolutionNode = FALSE
	EndGlobalSection
	GlobalSection(ExtensibilityGlobals) = postSolution
		SolutionGuid = {BFBC5B9E-213E-485F-BF66-A803C0FEAF14}
	EndGlobalSection
EndGlobal
